
Microsoft Visual Studio Solution File, Format Version 12.00
# Visual Studio 2013
VisualStudioVersion = 12.0.31101.0
MinimumVisualStudioVersion = 10.0.40219.1
Project("{FAE04EC0-301F-11D3-BF4B-00C04F79EFBC}") = "LigerShark.TemplateBuilder.Tasks", "LigerShark.TemplateBuilder.Tasks\LigerShark.TemplateBuilder.Tasks.csproj", "{6C8A0DBB-97DC-421A-8717-DCCBFB8EB39F}"
EndProject
Project("{2150E333-8FDC-42A3-9474-1A3956D46DE8}") = "Build", "Build", "{0E4BEE75-4F15-468A-87A8-F2551021FF17}"
	ProjectSection(SolutionItems) = preProject
		..\build.proj = ..\build.proj
		..\template-builder.nuspec = ..\template-builder.nuspec
	EndProjectSection
EndProject
Project("{FAE04EC0-301F-11D3-BF4B-00C04F79EFBC}") = "TemplateBuilder", "TemplateBuilder\TemplateBuilder.csproj", "{8C06A919-5046-41BC-895D-7276715F5748}"
EndProject
Project("{2150E333-8FDC-42A3-9474-1A3956D46DE8}") = "NuGet", "NuGet", "{48D37B16-4C91-4F59-8338-E1D605869F09}"
	ProjectSection(SolutionItems) = preProject
		..\tools\build-templates.proj = ..\tools\build-templates.proj
		..\tools\Install.ps1 = ..\tools\Install.ps1
		..\tools\ligershark.templates.targets = ..\tools\ligershark.templates.targets
		..\content\Properties\template-builder.props = ..\content\Properties\template-builder.props
		..\tools\template-builder.psm1 = ..\tools\template-builder.psm1
	EndProjectSection
EndProject
Project("{FAE04EC0-301F-11D3-BF4B-00C04F79EFBC}") = "LigerShark.FileReplacer", "LigerShark.FileReplacer\LigerShark.FileReplacer.csproj", "{ABE568D5-C540-408C-BBBB-F76F2A6095E6}"
EndProject
Global
	GlobalSection(SolutionConfigurationPlatforms) = preSolution
		Debug|Any CPU = Debug|Any CPU
		Release|Any CPU = Release|Any CPU
	EndGlobalSection
	GlobalSection(ProjectConfigurationPlatforms) = postSolution
		{6C8A0DBB-97DC-421A-8717-DCCBFB8EB39F}.Debug|Any CPU.ActiveCfg = Debug|Any CPU
		{6C8A0DBB-97DC-421A-8717-DCCBFB8EB39F}.Debug|Any CPU.Build.0 = Debug|Any CPU
		{6C8A0DBB-97DC-421A-8717-DCCBFB8EB39F}.Release|Any CPU.ActiveCfg = Release|Any CPU
		{6C8A0DBB-97DC-421A-8717-DCCBFB8EB39F}.Release|Any CPU.Build.0 = Release|Any CPU
		{8C06A919-5046-41BC-895D-7276715F5748}.Debug|Any CPU.ActiveCfg = Debug|Any CPU
		{8C06A919-5046-41BC-895D-7276715F5748}.Debug|Any CPU.Build.0 = Debug|Any CPU
		{8C06A919-5046-41BC-895D-7276715F5748}.Release|Any CPU.ActiveCfg = Release|Any CPU
		{8C06A919-5046-41BC-895D-7276715F5748}.Release|Any CPU.Build.0 = Release|Any CPU
		{ABE568D5-C540-408C-BBBB-F76F2A6095E6}.Debug|Any CPU.ActiveCfg = Debug|Any CPU
		{ABE568D5-C540-408C-BBBB-F76F2A6095E6}.Debug|Any CPU.Build.0 = Debug|Any CPU
		{ABE568D5-C540-408C-BBBB-F76F2A6095E6}.Release|Any CPU.ActiveCfg = Release|Any CPU
		{ABE568D5-C540-408C-BBBB-F76F2A6095E6}.Release|Any CPU.Build.0 = Release|Any CPU
	EndGlobalSection
	GlobalSection(SolutionProperties) = preSolution
		HideSolutionNode = FALSE
	EndGlobalSection
EndGlobal
